
Microsoft Visual Studio Solution File, Format Version 12.00
# Visual Studio Version 17
VisualStudioVersion = 17.14.36203.30
MinimumVisualStudioVersion = 10.0.40219.1
Project("{FAE04EC0-301F-11D3-BF4B-00C04F79EFBC}") = "CinemaBox.Presentation", "CinemaBox.Presentation\CinemaBox.Presentation.csproj", "{78ABC674-F9FB-456D-8128-D11EE9125C90}"
EndProject
Project("{2150E333-8FDC-42A3-9474-1A3956D46DE8}") = "Presentation", "Presentation", "{02EA681E-C7D8-13C7-8484-4AC65E1B71E8}"
EndProject
Project("{2150E333-8FDC-42A3-9474-1A3956D46DE8}") = "Utilities", "Utilities", "{EC617C32-1695-41D3-AADA-9DF63B664A1D}"
EndProject
Project("{FAE04EC0-301F-11D3-BF4B-00C04F79EFBC}") = "CinemaBox.Utilities", "CinemaBox.Utilities\CinemaBox.Utilities.csproj", "{D88FFF70-46BE-4A08-8515-04DE901B7381}"
EndProject
Project("{2150E333-8FDC-42A3-9474-1A3956D46DE8}") = "Scrapping", "Scrapping", "{44676B74-C1D7-4634-B457-E7C82E6FECF8}"
EndProject
Project("{2150E333-8FDC-42A3-9474-1A3956D46DE8}") = "Models", "Models", "{3D16D843-25D3-46AE-AD8E-A00F651DC4C1}"
EndProject
Project("{FAE04EC0-301F-11D3-BF4B-00C04F79EFBC}") = "CinemaBox.Model", "CinemaBox.Model\CinemaBox.Model.csproj", "{954D0FBD-C7DE-4A4A-BCC8-C844F09CA3FF}"
EndProject
Project("{FAE04EC0-301F-11D3-BF4B-00C04F79EFBC}") = "CinemaBox.Scrapping.Interface", "CinemaBox.Scrapping.Interface\CinemaBox.Scrapping.Interface.csproj", "{7D2DF79E-1B75-40DF-AD0B-FEFA093A267B}"
EndProject
Project("{2150E333-8FDC-42A3-9474-1A3956D46DE8}") = "Enumeration", "Enumeration", "{47A47FC2-5728-40FD-A5FB-7B53A03D9950}"
EndProject
Project("{FAE04EC0-301F-11D3-BF4B-00C04F79EFBC}") = "CinemaBox.Enumeration", "CinemaBox.Enumeration\CinemaBox.Enumeration.csproj", "{D8601393-79D5-46D0-88E0-A449794E219F}"
EndProject
Project("{FAE04EC0-301F-11D3-BF4B-00C04F79EFBC}") = "CinemaBox.Scrapping", "CinemaBox.Scrapping\CinemaBox.Scrapping.csproj", "{44064835-90D5-424C-A50C-9C3575AE7624}"
EndProject
Project("{2150E333-8FDC-42A3-9474-1A3956D46DE8}") = "Domain", "Domain", "{32F3BFDF-1DFF-4313-8E43-3179AB74C1D5}"
EndProject
Project("{FAE04EC0-301F-11D3-BF4B-00C04F79EFBC}") = "CinemaBox.Domain", "CinemaBox.Domain\CinemaBox.Domain.csproj", "{91B98ABA-2E43-4666-BC10-AB535DAEDF70}"
EndProject
Project("{2150E333-8FDC-42A3-9474-1A3956D46DE8}") = "Configuration", "Configuration", "{898A63A6-2B1C-43EF-A3F4-2ACBF11BA8D5}"
EndProject
Project("{FAE04EC0-301F-11D3-BF4B-00C04F79EFBC}") = "CinemaBox.Configuration", "CinemaBox.Configuration\CinemaBox.Configuration.csproj", "{02BD86AD-BEAA-4A28-99B0-E718CA407D7B}"
EndProject
Project("{2150E333-8FDC-42A3-9474-1A3956D46DE8}") = "Context", "Context", "{E1C2FE00-9AFA-4795-8E85-A79AA08FDBB4}"
EndProject
Project("{FAE04EC0-301F-11D3-BF4B-00C04F79EFBC}") = "CinemaBox.Context", "CinemaBox.Context\CinemaBox.Context.csproj", "{4C548BB8-B806-4D87-8847-E401703F402E}"
EndProject
Global
	GlobalSection(SolutionConfigurationPlatforms) = preSolution
		Debug|Any CPU = Debug|Any CPU
		Release|Any CPU = Release|Any CPU
	EndGlobalSection
	GlobalSection(ProjectConfigurationPlatforms) = postSolution
		{78ABC674-F9FB-456D-8128-D11EE9125C90}.Debug|Any CPU.ActiveCfg = Debug|Any CPU
		{78ABC674-F9FB-456D-8128-D11EE9125C90}.Debug|Any CPU.Build.0 = Debug|Any CPU
		{78ABC674-F9FB-456D-8128-D11EE9125C90}.Release|Any CPU.ActiveCfg = Release|Any CPU
		{78ABC674-F9FB-456D-8128-D11EE9125C90}.Release|Any CPU.Build.0 = Release|Any CPU
		{D88FFF70-46BE-4A08-8515-04DE901B7381}.Debug|Any CPU.ActiveCfg = Debug|Any CPU
		{D88FFF70-46BE-4A08-8515-04DE901B7381}.Debug|Any CPU.Build.0 = Debug|Any CPU
		{D88FFF70-46BE-4A08-8515-04DE901B7381}.Release|Any CPU.ActiveCfg = Release|Any CPU
		{D88FFF70-46BE-4A08-8515-04DE901B7381}.Release|Any CPU.Build.0 = Release|Any CPU
		{954D0FBD-C7DE-4A4A-BCC8-C844F09CA3FF}.Debug|Any CPU.ActiveCfg = Debug|Any CPU
		{954D0FBD-C7DE-4A4A-BCC8-C844F09CA3FF}.Debug|Any CPU.Build.0 = Debug|Any CPU
		{954D0FBD-C7DE-4A4A-BCC8-C844F09CA3FF}.Release|Any CPU.ActiveCfg = Release|Any CPU
		{954D0FBD-C7DE-4A4A-BCC8-C844F09CA3FF}.Release|Any CPU.Build.0 = Release|Any CPU
		{7D2DF79E-1B75-40DF-AD0B-FEFA093A267B}.Debug|Any CPU.ActiveCfg = Debug|Any CPU
		{7D2DF79E-1B75-40DF-AD0B-FEFA093A267B}.Debug|Any CPU.Build.0 = Debug|Any CPU
		{7D2DF79E-1B75-40DF-AD0B-FEFA093A267B}.Release|Any CPU.ActiveCfg = Release|Any CPU
		{7D2DF79E-1B75-40DF-AD0B-FEFA093A267B}.Release|Any CPU.Build.0 = Release|Any CPU
		{D8601393-79D5-46D0-88E0-A449794E219F}.Debug|Any CPU.ActiveCfg = Debug|Any CPU
		{D8601393-79D5-46D0-88E0-A449794E219F}.Debug|Any CPU.Build.0 = Debug|Any CPU
		{D8601393-79D5-46D0-88E0-A449794E219F}.Release|Any CPU.ActiveCfg = Release|Any CPU
		{D8601393-79D5-46D0-88E0-A449794E219F}.Release|Any CPU.Build.0 = Release|Any CPU
		{44064835-90D5-424C-A50C-9C3575AE7624}.Debug|Any CPU.ActiveCfg = Debug|Any CPU
		{44064835-90D5-424C-A50C-9C3575AE7624}.Debug|Any CPU.Build.0 = Debug|Any CPU
		{44064835-90D5-424C-A50C-9C3575AE7624}.Release|Any CPU.ActiveCfg = Release|Any CPU
		{44064835-90D5-424C-A50C-9C3575AE7624}.Release|Any CPU.Build.0 = Release|Any CPU
		{91B98ABA-2E43-4666-BC10-AB535DAEDF70}.Debug|Any CPU.ActiveCfg = Debug|Any CPU
		{91B98ABA-2E43-4666-BC10-AB535DAEDF70}.Debug|Any CPU.Build.0 = Debug|Any CPU
		{91B98ABA-2E43-4666-BC10-AB535DAEDF70}.Release|Any CPU.ActiveCfg = Release|Any CPU
		{91B98ABA-2E43-4666-BC10-AB535DAEDF70}.Release|Any CPU.Build.0 = Release|Any CPU
		{02BD86AD-BEAA-4A28-99B0-E718CA407D7B}.Debug|Any CPU.ActiveCfg = Debug|Any CPU
		{02BD86AD-BEAA-4A28-99B0-E718CA407D7B}.Debug|Any CPU.Build.0 = Debug|Any CPU
		{02BD86AD-BEAA-4A28-99B0-E718CA407D7B}.Release|Any CPU.ActiveCfg = Release|Any CPU
		{02BD86AD-BEAA-4A28-99B0-E718CA407D7B}.Release|Any CPU.Build.0 = Release|Any CPU
		{4C548BB8-B806-4D87-8847-E401703F402E}.Debug|Any CPU.ActiveCfg = Debug|Any CPU
		{4C548BB8-B806-4D87-8847-E401703F402E}.Debug|Any CPU.Build.0 = Debug|Any CPU
		{4C548BB8-B806-4D87-8847-E401703F402E}.Release|Any CPU.ActiveCfg = Release|Any CPU
		{4C548BB8-B806-4D87-8847-E401703F402E}.Release|Any CPU.Build.0 = Release|Any CPU
	EndGlobalSection
	GlobalSection(SolutionProperties) = preSolution
		HideSolutionNode = FALSE
	EndGlobalSection
	GlobalSection(NestedProjects) = preSolution
		{78ABC674-F9FB-456D-8128-D11EE9125C90} = {02EA681E-C7D8-13C7-8484-4AC65E1B71E8}
		{D88FFF70-46BE-4A08-8515-04DE901B7381} = {EC617C32-1695-41D3-AADA-9DF63B664A1D}
		{954D0FBD-C7DE-4A4A-BCC8-C844F09CA3FF} = {3D16D843-25D3-46AE-AD8E-A00F651DC4C1}
		{7D2DF79E-1B75-40DF-AD0B-FEFA093A267B} = {44676B74-C1D7-4634-B457-E7C82E6FECF8}
		{D8601393-79D5-46D0-88E0-A449794E219F} = {47A47FC2-5728-40FD-A5FB-7B53A03D9950}
		{44064835-90D5-424C-A50C-9C3575AE7624} = {44676B74-C1D7-4634-B457-E7C82E6FECF8}
		{91B98ABA-2E43-4666-BC10-AB535DAEDF70} = {32F3BFDF-1DFF-4313-8E43-3179AB74C1D5}
		{02BD86AD-BEAA-4A28-99B0-E718CA407D7B} = {898A63A6-2B1C-43EF-A3F4-2ACBF11BA8D5}
		{4C548BB8-B806-4D87-8847-E401703F402E} = {E1C2FE00-9AFA-4795-8E85-A79AA08FDBB4}
	EndGlobalSection
	GlobalSection(ExtensibilityGlobals) = postSolution
		SolutionGuid = {35D7A348-96DA-4C7C-AA87-67F20B3FDB40}
	EndGlobalSection
EndGlobal
