
Microsoft Visual Studio Solution File, Format Version 12.00
# Visual Studio Version 17
VisualStudioVersion = 17.14.36203.30
MinimumVisualStudioVersion = 10.0.40219.1
Project("{FAE04EC0-301F-11D3-BF4B-00C04F79EFBC}") = "CinemaBox.Presentation", "CinemaBox.Presentation\CinemaBox.Presentation.csproj", "{78ABC674-F9FB-456D-8128-D11EE9125C90}"
EndProject
Project("{2150E333-8FDC-42A3-9474-1A3956D46DE8}") = "Presentation", "Presentation", "{02EA681E-C7D8-13C7-8484-4AC65E1B71E8}"
EndProject
Project("{2150E333-8FDC-42A3-9474-1A3956D46DE8}") = "Utilities", "Utilities", "{EC617C32-1695-41D3-AADA-9DF63B664A1D}"
EndProject
Project("{FAE04EC0-301F-11D3-BF4B-00C04F79EFBC}") = "CinemaBox.Utilities", "CinemaBox.Utilities\CinemaBox.Utilities.csproj", "{D88FFF70-46BE-4A08-8515-04DE901B7381}"
EndProject
Project("{2150E333-8FDC-42A3-9474-1A3956D46DE8}") = "Scrapping", "Scrapping", "{44676B74-C1D7-4634-B457-E7C82E6FECF8}"
EndProject
Project("{FAE04EC0-301F-11D3-BF4B-00C04F79EFBC}") = "CinamaBox.Scrapping", "CinamaBox.Scrapping\CinamaBox.Scrapping.csproj", "{1E04ADBA-48E3-4646-9ED3-192799DA5589}"
EndProject
Project("{2150E333-8FDC-42A3-9474-1A3956D46DE8}") = "Models", "Models", "{3D16D843-25D3-46AE-AD8E-A00F651DC4C1}"
EndProject
Project("{FAE04EC0-301F-11D3-BF4B-00C04F79EFBC}") = "CinemaBox.Model", "CinemaBox.Model\CinemaBox.Model.csproj", "{954D0FBD-C7DE-4A4A-BCC8-C844F09CA3FF}"
EndProject
Project("{FAE04EC0-301F-11D3-BF4B-00C04F79EFBC}") = "CinemaBox.Scrapping.Interface", "CinemaBox.Scrapping.Interface\CinemaBox.Scrapping.Interface.csproj", "{7D2DF79E-1B75-40DF-AD0B-FEFA093A267B}"
EndProject
Global
	GlobalSection(SolutionConfigurationPlatforms) = preSolution
		Debug|Any CPU = Debug|Any CPU
		Release|Any CPU = Release|Any CPU
	EndGlobalSection
	GlobalSection(ProjectConfigurationPlatforms) = postSolution
		{78ABC674-F9FB-456D-8128-D11EE9125C90}.Debug|Any CPU.ActiveCfg = Debug|Any CPU
		{78ABC674-F9FB-456D-8128-D11EE9125C90}.Debug|Any CPU.Build.0 = Debug|Any CPU
		{78ABC674-F9FB-456D-8128-D11EE9125C90}.Release|Any CPU.ActiveCfg = Release|Any CPU
		{78ABC674-F9FB-456D-8128-D11EE9125C90}.Release|Any CPU.Build.0 = Release|Any CPU
		{D88FFF70-46BE-4A08-8515-04DE901B7381}.Debug|Any CPU.ActiveCfg = Debug|Any CPU
		{D88FFF70-46BE-4A08-8515-04DE901B7381}.Debug|Any CPU.Build.0 = Debug|Any CPU
		{D88FFF70-46BE-4A08-8515-04DE901B7381}.Release|Any CPU.ActiveCfg = Release|Any CPU
		{D88FFF70-46BE-4A08-8515-04DE901B7381}.Release|Any CPU.Build.0 = Release|Any CPU
		{1E04ADBA-48E3-4646-9ED3-192799DA5589}.Debug|Any CPU.ActiveCfg = Debug|Any CPU
		{1E04ADBA-48E3-4646-9ED3-192799DA5589}.Debug|Any CPU.Build.0 = Debug|Any CPU
		{1E04ADBA-48E3-4646-9ED3-192799DA5589}.Release|Any CPU.ActiveCfg = Release|Any CPU
		{1E04ADBA-48E3-4646-9ED3-192799DA5589}.Release|Any CPU.Build.0 = Release|Any CPU
		{954D0FBD-C7DE-4A4A-BCC8-C844F09CA3FF}.Debug|Any CPU.ActiveCfg = Debug|Any CPU
		{954D0FBD-C7DE-4A4A-BCC8-C844F09CA3FF}.Debug|Any CPU.Build.0 = Debug|Any CPU
		{954D0FBD-C7DE-4A4A-BCC8-C844F09CA3FF}.Release|Any CPU.ActiveCfg = Release|Any CPU
		{954D0FBD-C7DE-4A4A-BCC8-C844F09CA3FF}.Release|Any CPU.Build.0 = Release|Any CPU
		{7D2DF79E-1B75-40DF-AD0B-FEFA093A267B}.Debug|Any CPU.ActiveCfg = Debug|Any CPU
		{7D2DF79E-1B75-40DF-AD0B-FEFA093A267B}.Debug|Any CPU.Build.0 = Debug|Any CPU
		{7D2DF79E-1B75-40DF-AD0B-FEFA093A267B}.Release|Any CPU.ActiveCfg = Release|Any CPU
		{7D2DF79E-1B75-40DF-AD0B-FEFA093A267B}.Release|Any CPU.Build.0 = Release|Any CPU
	EndGlobalSection
	GlobalSection(SolutionProperties) = preSolution
		HideSolutionNode = FALSE
	EndGlobalSection
	GlobalSection(NestedProjects) = preSolution
		{78ABC674-F9FB-456D-8128-D11EE9125C90} = {02EA681E-C7D8-13C7-8484-4AC65E1B71E8}
		{D88FFF70-46BE-4A08-8515-04DE901B7381} = {EC617C32-1695-41D3-AADA-9DF63B664A1D}
		{1E04ADBA-48E3-4646-9ED3-192799DA5589} = {44676B74-C1D7-4634-B457-E7C82E6FECF8}
		{954D0FBD-C7DE-4A4A-BCC8-C844F09CA3FF} = {3D16D843-25D3-46AE-AD8E-A00F651DC4C1}
		{7D2DF79E-1B75-40DF-AD0B-FEFA093A267B} = {44676B74-C1D7-4634-B457-E7C82E6FECF8}
	EndGlobalSection
	GlobalSection(ExtensibilityGlobals) = postSolution
		SolutionGuid = {35D7A348-96DA-4C7C-AA87-67F20B3FDB40}
	EndGlobalSection
EndGlobal
